
Microsoft Visual Studio Solution File, Format Version 12.00
# Visual Studio Version 16
VisualStudioVersion = 16.0.34301.259
MinimumVisualStudioVersion = 10.0.40219.1
Project("{FAE04EC0-301F-11D3-BF4B-00C04F79EFBC}") = "HelloWorldCore", "HelloWorldCore.csproj", "{D8D9E2B2-B106-45D2-8E26-CC1632AD6C85}"
EndProject
Project("{FAE04EC0-301F-11D3-BF4B-00C04F79EFBC}") = "HelloWorldTest", "..\HelloWorldTest\HelloWorldTest.csproj", "{685F7B19-1DEF-48C5-877D-E5789C225A4C}"
EndProject
Global
	GlobalSection(SolutionConfigurationPlatforms) = preSolution
		Debug|Any CPU = Debug|Any CPU
		Release|Any CPU = Release|Any CPU
	EndGlobalSection
	GlobalSection(ProjectConfigurationPlatforms) = postSolution
		{D8D9E2B2-B106-45D2-8E26-CC1632AD6C85}.Debug|Any CPU.ActiveCfg = Debug|Any CPU
		{D8D9E2B2-B106-45D2-8E26-CC1632AD6C85}.Debug|Any CPU.Build.0 = Debug|Any CPU
		{D8D9E2B2-B106-45D2-8E26-CC1632AD6C85}.Release|Any CPU.ActiveCfg = Release|Any CPU
		{D8D9E2B2-B106-45D2-8E26-CC1632AD6C85}.Release|Any CPU.Build.0 = Release|Any CPU
		{685F7B19-1DEF-48C5-877D-E5789C225A4C}.Debug|Any CPU.ActiveCfg = Debug|Any CPU
		{685F7B19-1DEF-48C5-877D-E5789C225A4C}.Debug|Any CPU.Build.0 = Debug|Any CPU
		{685F7B19-1DEF-48C5-877D-E5789C225A4C}.Release|Any CPU.ActiveCfg = Release|Any CPU
		{685F7B19-1DEF-48C5-877D-E5789C225A4C}.Release|Any CPU.Build.0 = Release|Any CPU
	EndGlobalSection
	GlobalSection(SolutionProperties) = preSolution
		HideSolutionNode = FALSE
	EndGlobalSection
	GlobalSection(ExtensibilityGlobals) = postSolution
		SolutionGuid = {FBAD375F-50A3-46A1-B947-C8F48A6E0CFB}
	EndGlobalSection
EndGlobal
