
Microsoft Visual Studio Solution File, Format Version 12.00
# Visual Studio Version 16
VisualStudioVersion = 16.0.34301.259
MinimumVisualStudioVersion = 10.0.40219.1
Project("{FAE04EC0-301F-11D3-BF4B-00C04F79EFBC}") = "CalculadoraJunit", "CalculadoraJunit.csproj", "{6F022D43-07DA-4E3A-A00D-7C96B0329083}"
EndProject
Project("{FAE04EC0-301F-11D3-BF4B-00C04F79EFBC}") = "CalculadoraJunitTest", "..\CalculadoraJunitTest\CalculadoraJunitTest.csproj", "{B58DEDF6-5A12-452A-9613-D2EAE3522493}"
EndProject
Global
	GlobalSection(SolutionConfigurationPlatforms) = preSolution
		Debug|Any CPU = Debug|Any CPU
		Release|Any CPU = Release|Any CPU
	EndGlobalSection
	GlobalSection(ProjectConfigurationPlatforms) = postSolution
		{6F022D43-07DA-4E3A-A00D-7C96B0329083}.Debug|Any CPU.ActiveCfg = Debug|Any CPU
		{6F022D43-07DA-4E3A-A00D-7C96B0329083}.Debug|Any CPU.Build.0 = Debug|Any CPU
		{6F022D43-07DA-4E3A-A00D-7C96B0329083}.Release|Any CPU.ActiveCfg = Release|Any CPU
		{6F022D43-07DA-4E3A-A00D-7C96B0329083}.Release|Any CPU.Build.0 = Release|Any CPU
		{B58DEDF6-5A12-452A-9613-D2EAE3522493}.Debug|Any CPU.ActiveCfg = Debug|Any CPU
		{B58DEDF6-5A12-452A-9613-D2EAE3522493}.Debug|Any CPU.Build.0 = Debug|Any CPU
		{B58DEDF6-5A12-452A-9613-D2EAE3522493}.Release|Any CPU.ActiveCfg = Release|Any CPU
		{B58DEDF6-5A12-452A-9613-D2EAE3522493}.Release|Any CPU.Build.0 = Release|Any CPU
	EndGlobalSection
	GlobalSection(SolutionProperties) = preSolution
		HideSolutionNode = FALSE
	EndGlobalSection
	GlobalSection(ExtensibilityGlobals) = postSolution
		SolutionGuid = {E587426F-5701-4F0A-B419-179F5B448AF4}
	EndGlobalSection
EndGlobal
